
Microsoft Visual Studio Solution File, Format Version 12.00
# Visual Studio Version 16
VisualStudioVersion = 16.0.29920.165
MinimumVisualStudioVersion = 10.0.40219.1
Project("{FAE04EC0-301F-11D3-BF4B-00C04F79EFBC}") = "YAPI", "YAPI\YAPI.csproj", "{B7BAB1DD-21A1-4ED7-A26C-785C60CBF460}"
EndProject
Global
	GlobalSection(SolutionConfigurationPlatforms) = preSolution
		Debug|Any CPU = Debug|Any CPU
		Release|Any CPU = Release|Any CPU
	EndGlobalSection
	GlobalSection(ProjectConfigurationPlatforms) = postSolution
		{B7BAB1DD-21A1-4ED7-A26C-785C60CBF460}.Debug|Any CPU.ActiveCfg = Debug|Any CPU
		{B7BAB1DD-21A1-4ED7-A26C-785C60CBF460}.Debug|Any CPU.Build.0 = Debug|Any CPU
		{B7BAB1DD-21A1-4ED7-A26C-785C60CBF460}.Release|Any CPU.ActiveCfg = Release|Any CPU
		{B7BAB1DD-21A1-4ED7-A26C-785C60CBF460}.Release|Any CPU.Build.0 = Release|Any CPU
	EndGlobalSection
	GlobalSection(SolutionProperties) = preSolution
		HideSolutionNode = FALSE
	EndGlobalSection
	GlobalSection(ExtensibilityGlobals) = postSolution
		SolutionGuid = {EDCC1999-77C3-477A-AF3A-E1A34CF75919}
	EndGlobalSection
EndGlobal
